
Microsoft Visual Studio Solution File, Format Version 12.00
# Visual Studio Version 17
VisualStudioVersion = 17.8.34511.84
MinimumVisualStudioVersion = 10.0.40219.1
Project("{FAE04EC0-301F-11D3-BF4B-00C04F79EFBC}") = "RepairPrinter", "RepairPrinter\RepairPrinter.csproj", "{DCEC777E-3CE9-41AD-92AD-33D8FA26084F}"
EndProject
Global
	GlobalSection(SolutionConfigurationPlatforms) = preSolution
		Debug|Any CPU = Debug|Any CPU
		Release|Any CPU = Release|Any CPU
	EndGlobalSection
	GlobalSection(ProjectConfigurationPlatforms) = postSolution
		{DCEC777E-3CE9-41AD-92AD-33D8FA26084F}.Debug|Any CPU.ActiveCfg = Debug|Any CPU
		{DCEC777E-3CE9-41AD-92AD-33D8FA26084F}.Debug|Any CPU.Build.0 = Debug|Any CPU
		{DCEC777E-3CE9-41AD-92AD-33D8FA26084F}.Release|Any CPU.ActiveCfg = Release|Any CPU
		{DCEC777E-3CE9-41AD-92AD-33D8FA26084F}.Release|Any CPU.Build.0 = Release|Any CPU
	EndGlobalSection
	GlobalSection(SolutionProperties) = preSolution
		HideSolutionNode = FALSE
	EndGlobalSection
	GlobalSection(ExtensibilityGlobals) = postSolution
		SolutionGuid = {59A89641-E637-484B-BF57-910094512FEA}
	EndGlobalSection
EndGlobal
